// !$*UTF8*$!
{
	archiveVersion = 1;
	classes = {
	};
	objectVersion = 56;
	objects = {

/* Begin PBXBuildFile section */
		C9CC26A82A5682E200F602B1 /* Tito_SignInwiithAppleApp.swift in Sources */ = {isa = PBXBuildFile; fileRef = C9CC26A72A5682E200F602B1 /* Tito_SignInwiithAppleApp.swift */; };
		C9CC26AA2A5682E200F602B1 /* ContentView.swift in Sources */ = {isa = PBXBuildFile; fileRef = C9CC26A92A5682E200F602B1 /* ContentView.swift */; };
		C9CC26AC2A5682E300F602B1 /* Assets.xcassets in Resources */ = {isa = PBXBuildFile; fileRef = C9CC26AB2A5682E300F602B1 /* Assets.xcassets */; };
		C9CC26AF2A5682E300F602B1 /* Preview Assets.xcassets in Resources */ = {isa = PBXBuildFile; fileRef = C9CC26AE2A5682E300F602B1 /* Preview Assets.xcassets */; };
		C9CC26B12A5682E300F602B1 /* Persistence.swift in Sources */ = {isa = PBXBuildFile; fileRef = C9CC26B02A5682E300F602B1 /* Persistence.swift */; };
		C9CC26B42A5682E300F602B1 /* Tito_SignInwiithApple.xcdatamodeld in Sources */ = {isa = PBXBuildFile; fileRef = C9CC26B22A5682E300F602B1 /* Tito_SignInwiithApple.xcdatamodeld */; };
		C9CC26BE2A568E8600F602B1 /* GetNameView.swift in Sources */ = {isa = PBXBuildFile; fileRef = C9CC26BD2A568E8600F602B1 /* GetNameView.swift */; };
/* End PBXBuildFile section */

/* Begin PBXFileReference section */
		C9CC26A42A5682E200F602B1 /* Tito_SignInwiithApple.app */ = {isa = PBXFileReference; explicitFileType = wrapper.application; includeInIndex = 0; path = Tito_SignInwiithApple.app; sourceTree = BUILT_PRODUCTS_DIR; };
		C9CC26A72A5682E200F602B1 /* Tito_SignInwiithAppleApp.swift */ = {isa = PBXFileReference; lastKnownFileType = sourcecode.swift; path = Tito_SignInwiithAppleApp.swift; sourceTree = "<group>"; };
		C9CC26A92A5682E200F602B1 /* ContentView.swift */ = {isa = PBXFileReference; lastKnownFileType = sourcecode.swift; path = ContentView.swift; sourceTree = "<group>"; };
		C9CC26AB2A5682E300F602B1 /* Assets.xcassets */ = {isa = PBXFileReference; lastKnownFileType = folder.assetcatalog; path = Assets.xcassets; sourceTree = "<group>"; };
		C9CC26AE2A5682E300F602B1 /* Preview Assets.xcassets */ = {isa = PBXFileReference; lastKnownFileType = folder.assetcatalog; path = "Preview Assets.xcassets"; sourceTree = "<group>"; };
		C9CC26B02A5682E300F602B1 /* Persistence.swift */ = {isa = PBXFileReference; lastKnownFileType = sourcecode.swift; path = Persistence.swift; sourceTree = "<group>"; };
		C9CC26B32A5682E300F602B1 /* Tito_SignInwiithApple.xcdatamodel */ = {isa = PBXFileReference; lastKnownFileType = wrapper.xcdatamodel; path = Tito_SignInwiithApple.xcdatamodel; sourceTree = "<group>"; };
		C9CC26B52A5682E300F602B1 /* Info.plist */ = {isa = PBXFileReference; lastKnownFileType = text.plist.xml; path = Info.plist; sourceTree = "<group>"; };
		C9CC26BD2A568E8600F602B1 /* GetNameView.swift */ = {isa = PBXFileReference; lastKnownFileType = sourcecode.swift; path = GetNameView.swift; sourceTree = "<group>"; };
		C9CC26BF2A568F9300F602B1 /* Tito_SignInwiithApple.entitlements */ = {isa = PBXFileReference; lastKnownFileType = text.plist.entitlements; path = Tito_SignInwiithApple.entitlements; sourceTree = "<group>"; };
/* End PBXFileReference section */

/* Begin PBXFrameworksBuildPhase section */
		C9CC26A12A5682E200F602B1 /* Frameworks */ = {
			isa = PBXFrameworksBuildPhase;
			buildActionMask = 2147483647;
			files = (
			);
			runOnlyForDeploymentPostprocessing = 0;
		};
/* End PBXFrameworksBuildPhase section */

/* Begin PBXGroup section */
		C9CC269B2A5682E200F602B1 = {
			isa = PBXGroup;
			children = (
				C9CC26A62A5682E200F602B1 /* Tito_SignInwiithApple */,
				C9CC26A52A5682E200F602B1 /* Products */,
			);
			sourceTree = "<group>";
		};
		C9CC26A52A5682E200F602B1 /* Products */ = {
			isa = PBXGroup;
			children = (
				C9CC26A42A5682E200F602B1 /* Tito_SignInwiithApple.app */,
			);
			name = Products;
			sourceTree = "<group>";
		};
		C9CC26A62A5682E200F602B1 /* Tito_SignInwiithApple */ = {
			isa = PBXGroup;
			children = (
				C9CC26BF2A568F9300F602B1 /* Tito_SignInwiithApple.entitlements */,
				C9CC26A72A5682E200F602B1 /* Tito_SignInwiithAppleApp.swift */,
				C9CC26A92A5682E200F602B1 /* ContentView.swift */,
				C9CC26BD2A568E8600F602B1 /* GetNameView.swift */,
				C9CC26AB2A5682E300F602B1 /* Assets.xcassets */,
				C9CC26B02A5682E300F602B1 /* Persistence.swift */,
				C9CC26B52A5682E300F602B1 /* Info.plist */,
				C9CC26B22A5682E300F602B1 /* Tito_SignInwiithApple.xcdatamodeld */,
				C9CC26AD2A5682E300F602B1 /* Preview Content */,
			);
			path = Tito_SignInwiithApple;
			sourceTree = "<group>";
		};
		C9CC26AD2A5682E300F602B1 /* Preview Content */ = {
			isa = PBXGroup;
			children = (
				C9CC26AE2A5682E300F602B1 /* Preview Assets.xcassets */,
			);
			path = "Preview Content";
			sourceTree = "<group>";
		};
/* End PBXGroup section */

/* Begin PBXNativeTarget section */
		C9CC26A32A5682E200F602B1 /* Tito_SignInwiithApple */ = {
			isa = PBXNativeTarget;
			buildConfigurationList = C9CC26B82A5682E300F602B1 /* Build configuration list for PBXNativeTarget "Tito_SignInwiithApple" */;
			buildPhases = (
				C9CC26A02A5682E200F602B1 /* Sources */,
				C9CC26A12A5682E200F602B1 /* Frameworks */,
				C9CC26A22A5682E200F602B1 /* Resources */,
			);
			buildRules = (
			);
			dependencies = (
			);
			name = Tito_SignInwiithApple;
			productName = Tito_SignInwiithApple;
			productReference = C9CC26A42A5682E200F602B1 /* Tito_SignInwiithApple.app */;
			productType = "com.apple.product-type.application";
		};
/* End PBXNativeTarget section */

/* Begin PBXProject section */
		C9CC269C2A5682E200F602B1 /* Project object */ = {
			isa = PBXProject;
			attributes = {
				BuildIndependentTargetsInParallel = 1;
				LastSwiftUpdateCheck = 1430;
				LastUpgradeCheck = 1430;
				TargetAttributes = {
					C9CC26A32A5682E200F602B1 = {
						CreatedOnToolsVersion = 14.3.1;
					};
				};
			};
			buildConfigurationList = C9CC269F2A5682E200F602B1 /* Build configuration list for PBXProject "Tito_SignInwiithApple" */;
			compatibilityVersion = "Xcode 14.0";
			developmentRegion = en;
			hasScannedForEncodings = 0;
			knownRegions = (
				en,
				Base,
			);
			mainGroup = C9CC269B2A5682E200F602B1;
			productRefGroup = C9CC26A52A5682E200F602B1 /* Products */;
			projectDirPath = "";
			projectRoot = "";
			targets = (
				C9CC26A32A5682E200F602B1 /* Tito_SignInwiithApple */,
			);
		};
/* End PBXProject section */

/* Begin PBXResourcesBuildPhase section */
		C9CC26A22A5682E200F602B1 /* Resources */ = {
			isa = PBXResourcesBuildPhase;
			buildActionMask = 2147483647;
			files = (
				C9CC26AF2A5682E300F602B1 /* Preview Assets.xcassets in Resources */,
				C9CC26AC2A5682E300F602B1 /* Assets.xcassets in Resources */,
			);
			runOnlyForDeploymentPostprocessing = 0;
		};
/* End PBXResourcesBuildPhase section */

/* Begin PBXSourcesBuildPhase section */
		C9CC26A02A5682E200F602B1 /* Sources */ = {
			isa = PBXSourcesBuildPhase;
			buildActionMask = 2147483647;
			files = (
				C9CC26B42A5682E300F602B1 /* Tito_SignInwiithApple.xcdatamodeld in Sources */,
				C9CC26BE2A568E8600F602B1 /* GetNameView.swift in Sources */,
				C9CC26B12A5682E300F602B1 /* Persistence.swift in Sources */,
				C9CC26AA2A5682E200F602B1 /* ContentView.swift in Sources */,
				C9CC26A82A5682E200F602B1 /* Tito_SignInwiithAppleApp.swift in Sources */,
			);
			runOnlyForDeploymentPostprocessing = 0;
		};
/* End PBXSourcesBuildPhase section */

/* Begin XCBuildConfiguration section */
		C9CC26B62A5682E300F602B1 /* Debug */ = {
			isa = XCBuildConfiguration;
			buildSettings = {
				ALWAYS_SEARCH_USER_PATHS = NO;
				CLANG_ANALYZER_NONNULL = YES;
				CLANG_ANALYZER_NUMBER_OBJECT_CONVERSION = YES_AGGRESSIVE;
				CLANG_CXX_LANGUAGE_STANDARD = "gnu++20";
				CLANG_ENABLE_MODULES = YES;
				CLANG_ENABLE_OBJC_ARC = YES;
				CLANG_ENABLE_OBJC_WEAK = YES;
				CLANG_WARN_BLOCK_CAPTURE_AUTORELEASING = YES;
				CLANG_WARN_BOOL_CONVERSION = YES;
				CLANG_WARN_COMMA = YES;
				CLANG_WARN_CONSTANT_CONVERSION = YES;
				CLANG_WARN_DEPRECATED_OBJC_IMPLEMENTATIONS = YES;
				CLANG_WARN_DIRECT_OBJC_ISA_USAGE = YES_ERROR;
				CLANG_WARN_DOCUMENTATION_COMMENTS = YES;
				CLANG_WARN_EMPTY_BODY = YES;
				CLANG_WARN_ENUM_CONVERSION = YES;
				CLANG_WARN_INFINITE_RECURSION = YES;
				CLANG_WARN_INT_CONVERSION = YES;
				CLANG_WARN_NON_LITERAL_NULL_CONVERSION = YES;
				CLANG_WARN_OBJC_IMPLICIT_RETAIN_SELF = YES;
				CLANG_WARN_OBJC_LITERAL_CONVERSION = YES;
				CLANG_WARN_OBJC_ROOT_CLASS = YES_ERROR;
				CLANG_WARN_QUOTED_INCLUDE_IN_FRAMEWORK_HEADER = YES;
				CLANG_WARN_RANGE_LOOP_ANALYSIS = YES;
				CLANG_WARN_STRICT_PROTOTYPES = YES;
				CLANG_WARN_SUSPICIOUS_MOVE = YES;
				CLANG_WARN_UNGUARDED_AVAILABILITY = YES_AGGRESSIVE;
				CLANG_WARN_UNREACHABLE_CODE = YES;
				CLANG_WARN__DUPLICATE_METHOD_MATCH = YES;
				COPY_PHASE_STRIP = NO;
				DEBUG_INFORMATION_FORMAT = dwarf;
				ENABLE_STRICT_OBJC_MSGSEND = YES;
				ENABLE_TESTABILITY = YES;
				GCC_C_LANGUAGE_STANDARD = gnu11;
				GCC_DYNAMIC_NO_PIC = NO;
				GCC_NO_COMMON_BLOCKS = YES;
				GCC_OPTIMIZATION_LEVEL = 0;
				GCC_PREPROCESSOR_DEFINITIONS = (
					"DEBUG=1",
					"$(inherited)",
				);
				GCC_WARN_64_TO_32_BIT_CONVERSION = YES;
				GCC_WARN_ABOUT_RETURN_TYPE = YES_ERROR;
				GCC_WARN_UNDECLARED_SELECTOR = YES;
				GCC_WARN_UNINITIALIZED_AUTOS = YES_AGGRESSIVE;
				GCC_WARN_UNUSED_FUNCTION = YES;
				GCC_WARN_UNUSED_VARIABLE = YES;
				IPHONEOS_DEPLOYMENT_TARGET = 16.4;
				MTL_ENABLE_DEBUG_INFO = INCLUDE_SOURCE;
				MTL_FAST_MATH = YES;
				ONLY_ACTIVE_ARCH = YES;
				SDKROOT = iphoneos;
				SWIFT_ACTIVE_COMPILATION_CONDITIONS = DEBUG;
				SWIFT_OPTIMIZATION_LEVEL = "-Onone";
			};
			name = Debug;
		};
		C9CC26B72A5682E300F602B1 /* Release */ = {
			isa = XCBuildConfiguration;
			buildSettings = {
				ALWAYS_SEARCH_USER_PATHS = NO;
				CLANG_ANALYZER_NONNULL = YES;
				CLANG_ANALYZER_NUMBER_OBJECT_CONVERSION = YES_AGGRESSIVE;
				CLANG_CXX_LANGUAGE_STANDARD = "gnu++20";
				CLANG_ENABLE_MODULES = YES;
				CLANG_ENABLE_OBJC_ARC = YES;
				CLANG_ENABLE_OBJC_WEAK = YES;
				CLANG_WARN_BLOCK_CAPTURE_AUTORELEASING = YES;
				CLANG_WARN_BOOL_CONVERSION = YES;
				CLANG_WARN_COMMA = YES;
				CLANG_WARN_CONSTANT_CONVERSION = YES;
				CLANG_WARN_DEPRECATED_OBJC_IMPLEMENTATIONS = YES;
				CLANG_WARN_DIRECT_OBJC_ISA_USAGE = YES_ERROR;
				CLANG_WARN_DOCUMENTATION_COMMENTS = YES;
				CLANG_WARN_EMPTY_BODY = YES;
				CLANG_WARN_ENUM_CONVERSION = YES;
				CLANG_WARN_INFINITE_RECURSION = YES;
				CLANG_WARN_INT_CONVERSION = YES;
				CLANG_WARN_NON_LITERAL_NULL_CONVERSION = YES;
				CLANG_WARN_OBJC_IMPLICIT_RETAIN_SELF = YES;
				CLANG_WARN_OBJC_LITERAL_CONVERSION = YES;
				CLANG_WARN_OBJC_ROOT_CLASS = YES_ERROR;
				CLANG_WARN_QUOTED_INCLUDE_IN_FRAMEWORK_HEADER = YES;
				CLANG_WARN_RANGE_LOOP_ANALYSIS = YES;
				CLANG_WARN_STRICT_PROTOTYPES = YES;
				CLANG_WARN_SUSPICIOUS_MOVE = YES;
				CLANG_WARN_UNGUARDED_AVAILABILITY = YES_AGGRESSIVE;
				CLANG_WARN_UNREACHABLE_CODE = YES;
				CLANG_WARN__DUPLICATE_METHOD_MATCH = YES;
				COPY_PHASE_STRIP = NO;
				DEBUG_INFORMATION_FORMAT = "dwarf-with-dsym";
				ENABLE_NS_ASSERTIONS = NO;
				ENABLE_STRICT_OBJC_MSGSEND = YES;
				GCC_C_LANGUAGE_STANDARD = gnu11;
				GCC_NO_COMMON_BLOCKS = YES;
				GCC_WARN_64_TO_32_BIT_CONVERSION = YES;
				GCC_WARN_ABOUT_RETURN_TYPE = YES_ERROR;
				GCC_WARN_UNDECLARED_SELECTOR = YES;
				GCC_WARN_UNINITIALIZED_AUTOS = YES_AGGRESSIVE;
				GCC_WARN_UNUSED_FUNCTION = YES;
				GCC_WARN_UNUSED_VARIABLE = YES;
				IPHONEOS_DEPLOYMENT_TARGET = 16.4;
				MTL_ENABLE_DEBUG_INFO = NO;
				MTL_FAST_MATH = YES;
				SDKROOT = iphoneos;
				SWIFT_COMPILATION_MODE = wholemodule;
				SWIFT_OPTIMIZATION_LEVEL = "-O";
				VALIDATE_PRODUCT = YES;
			};
			name = Release;
		};
		C9CC26B92A5682E300F602B1 /* Debug */ = {
			isa = XCBuildConfiguration;
			buildSettings = {
				ASSETCATALOG_COMPILER_APPICON_NAME = AppIcon;
				ASSETCATALOG_COMPILER_GLOBAL_ACCENT_COLOR_NAME = AccentColor;
				CODE_SIGN_ENTITLEMENTS = Tito_SignInwiithApple/Tito_SignInwiithApple.entitlements;
				CODE_SIGN_STYLE = Automatic;
				CURRENT_PROJECT_VERSION = 1;
				DEVELOPMENT_ASSET_PATHS = "\"Tito_SignInwiithApple/Preview Content\"";
				DEVELOPMENT_TEAM = GVC59RAZPM;
				ENABLE_PREVIEWS = YES;
				GENERATE_INFOPLIST_FILE = YES;
				INFOPLIST_KEY_UIApplicationSceneManifest_Generation = YES;
				INFOPLIST_KEY_UIApplicationSupportsIndirectInputEvents = YES;
				INFOPLIST_KEY_UILaunchScreen_Generation = YES;
				INFOPLIST_KEY_UISupportedInterfaceOrientations_iPad = "UIInterfaceOrientationPortrait UIInterfaceOrientationPortraitUpsideDown UIInterfaceOrientationLandscapeLeft UIInterfaceOrientationLandscapeRight";
				INFOPLIST_KEY_UISupportedInterfaceOrientations_iPhone = "UIInterfaceOrientationPortrait UIInterfaceOrientationLandscapeLeft UIInterfaceOrientationLandscapeRight";
				LD_RUNPATH_SEARCH_PATHS = (
					"$(inherited)",
					"@executable_path/Frameworks",
				);
				MARKETING_VERSION = 1.0;
				PRODUCT_BUNDLE_IDENTIFIER = "com.ada.Tito-SignInwiithApple";
				PRODUCT_NAME = "$(TARGET_NAME)";
				SWIFT_EMIT_LOC_STRINGS = YES;
				SWIFT_VERSION = 5.0;
				TARGETED_DEVICE_FAMILY = "1,2";
			};
			name = Debug;
		};
		C9CC26BA2A5682E300F602B1 /* Release */ = {
			isa = XCBuildConfiguration;
			buildSettings = {
				ASSETCATALOG_COMPILER_APPICON_NAME = AppIcon;
				ASSETCATALOG_COMPILER_GLOBAL_ACCENT_COLOR_NAME = AccentColor;
				CODE_SIGN_ENTITLEMENTS = Tito_SignInwiithApple/Tito_SignInwiithApple.entitlements;
				CODE_SIGN_STYLE = Automatic;
				CURRENT_PROJECT_VERSION = 1;
				DEVELOPMENT_ASSET_PATHS = "\"Tito_SignInwiithApple/Preview Content\"";
				DEVELOPMENT_TEAM = GVC59RAZPM;
				ENABLE_PREVIEWS = YES;
				GENERATE_INFOPLIST_FILE = YES;
				INFOPLIST_KEY_UIApplicationSceneManifest_Generation = YES;
				INFOPLIST_KEY_UIApplicationSupportsIndirectInputEvents = YES;
				INFOPLIST_KEY_UILaunchScreen_Generation = YES;
				INFOPLIST_KEY_UISupportedInterfaceOrientations_iPad = "UIInterfaceOrientationPortrait UIInterfaceOrientationPortraitUpsideDown UIInterfaceOrientationLandscapeLeft UIInterfaceOrientationLandscapeRight";
				INFOPLIST_KEY_UISupportedInterfaceOrientations_iPhone = "UIInterfaceOrientationPortrait UIInterfaceOrientationLandscapeLeft UIInterfaceOrientationLandscapeRight";
				LD_RUNPATH_SEARCH_PATHS = (
					"$(inherited)",
					"@executable_path/Frameworks",
				);
				MARKETING_VERSION = 1.0;
				PRODUCT_BUNDLE_IDENTIFIER = "com.ada.Tito-SignInwiithApple";
				PRODUCT_NAME = "$(TARGET_NAME)";
				SWIFT_EMIT_LOC_STRINGS = YES;
				SWIFT_VERSION = 5.0;
				TARGETED_DEVICE_FAMILY = "1,2";
			};
			name = Release;
		};
/* End XCBuildConfiguration section */

/* Begin XCConfigurationList section */
		C9CC269F2A5682E200F602B1 /* Build configuration list for PBXProject "Tito_SignInwiithApple" */ = {
			isa = XCConfigurationList;
			buildConfigurations = (
				C9CC26B62A5682E300F602B1 /* Debug */,
				C9CC26B72A5682E300F602B1 /* Release */,
			);
			defaultConfigurationIsVisible = 0;
			defaultConfigurationName = Release;
		};
		C9CC26B82A5682E300F602B1 /* Build configuration list for PBXNativeTarget "Tito_SignInwiithApple" */ = {
			isa = XCConfigurationList;
			buildConfigurations = (
				C9CC26B92A5682E300F602B1 /* Debug */,
				C9CC26BA2A5682E300F602B1 /* Release */,
			);
			defaultConfigurationIsVisible = 0;
			defaultConfigurationName = Release;
		};
/* End XCConfigurationList section */

/* Begin XCVersionGroup section */
		C9CC26B22A5682E300F602B1 /* Tito_SignInwiithApple.xcdatamodeld */ = {
			isa = XCVersionGroup;
			children = (
				C9CC26B32A5682E300F602B1 /* Tito_SignInwiithApple.xcdatamodel */,
			);
			currentVersion = C9CC26B32A5682E300F602B1 /* Tito_SignInwiithApple.xcdatamodel */;
			path = Tito_SignInwiithApple.xcdatamodeld;
			sourceTree = "<group>";
			versionGroupType = wrapper.xcdatamodel;
		};
/* End XCVersionGroup section */
	};
	rootObject = C9CC269C2A5682E200F602B1 /* Project object */;
}
